
Microsoft Visual Studio Solution File, Format Version 12.00
# Visual Studio Version 17
VisualStudioVersion = 17.11.35222.181
MinimumVisualStudioVersion = 10.0.40219.1
Project("{FAE04EC0-301F-11D3-BF4B-00C04F79EFBC}") = "DSA", "DSA\DSA.csproj", "{9A4D5F56-2B8B-40FE-9741-3C75F74310B6}"
EndProject
Global
	GlobalSection(SolutionConfigurationPlatforms) = preSolution
		Debug|Any CPU = Debug|Any CPU
		Release|Any CPU = Release|Any CPU
	EndGlobalSection
	GlobalSection(ProjectConfigurationPlatforms) = postSolution
		{9A4D5F56-2B8B-40FE-9741-3C75F74310B6}.Debug|Any CPU.ActiveCfg = Debug|Any CPU
		{9A4D5F56-2B8B-40FE-9741-3C75F74310B6}.Debug|Any CPU.Build.0 = Debug|Any CPU
		{9A4D5F56-2B8B-40FE-9741-3C75F74310B6}.Release|Any CPU.ActiveCfg = Release|Any CPU
		{9A4D5F56-2B8B-40FE-9741-3C75F74310B6}.Release|Any CPU.Build.0 = Release|Any CPU
	EndGlobalSection
	GlobalSection(SolutionProperties) = preSolution
		HideSolutionNode = FALSE
	EndGlobalSection
	GlobalSection(ExtensibilityGlobals) = postSolution
		SolutionGuid = {3F12CEFF-1B2E-434F-A298-C5E4A5F7C29D}
	EndGlobalSection
EndGlobal
